
Microsoft Visual Studio Solution File, Format Version 11.00
# Visual Studio 2010
Project("{FAE04EC0-301F-11D3-BF4B-00C04F79EFBC}") = "Assembly-CSharp", "Assembly-CSharp.csproj", "{4E5D98A2-C414-131D-442E-6AA1158FE155}"
EndProject
Project("{FAE04EC0-301F-11D3-BF4B-00C04F79EFBC}") = "Assembly-CSharp-Editor", "Assembly-CSharp-Editor.csproj", "{8BF1A199-A83A-64BC-D4F8-4A2D813E4BC2}"
EndProject
Global
	GlobalSection(SolutionConfigurationPlatforms) = preSolution
		Debug|Any CPU = Debug|Any CPU
		Release|Any CPU = Release|Any CPU
	EndGlobalSection
	GlobalSection(ProjectConfigurationPlatforms) = postSolution
		{4E5D98A2-C414-131D-442E-6AA1158FE155}.Debug|Any CPU.ActiveCfg = Debug|Any CPU
		{4E5D98A2-C414-131D-442E-6AA1158FE155}.Debug|Any CPU.Build.0 = Debug|Any CPU
		{4E5D98A2-C414-131D-442E-6AA1158FE155}.Release|Any CPU.ActiveCfg = Release|Any CPU
		{4E5D98A2-C414-131D-442E-6AA1158FE155}.Release|Any CPU.Build.0 = Release|Any CPU
		{8BF1A199-A83A-64BC-D4F8-4A2D813E4BC2}.Debug|Any CPU.ActiveCfg = Debug|Any CPU
		{8BF1A199-A83A-64BC-D4F8-4A2D813E4BC2}.Debug|Any CPU.Build.0 = Debug|Any CPU
		{8BF1A199-A83A-64BC-D4F8-4A2D813E4BC2}.Release|Any CPU.ActiveCfg = Release|Any CPU
		{8BF1A199-A83A-64BC-D4F8-4A2D813E4BC2}.Release|Any CPU.Build.0 = Release|Any CPU
	EndGlobalSection
	GlobalSection(SolutionProperties) = preSolution
		HideSolutionNode = FALSE
	EndGlobalSection
EndGlobal
