
Microsoft Visual Studio Solution File, Format Version 11.00
# Visual Studio 2010
Project("{FAE04EC0-301F-11D3-BF4B-00C04F79EFBC}") = "Assembly-CSharp", "Assembly-CSharp.csproj", "{3FDC8A53-53B8-74BB-D9F8-CDA0BB09F2D3}"
EndProject
Project("{FAE04EC0-301F-11D3-BF4B-00C04F79EFBC}") = "Assembly-CSharp-Editor", "Assembly-CSharp-Editor.csproj", "{AB93C96A-70BE-DF14-30C2-3A5B802EECCD}"
EndProject
Project("{FAE04EC0-301F-11D3-BF4B-00C04F79EFBC}") = "Unity.EntitySelection.Editor", "Unity.EntitySelection.Editor.csproj", "{6D619582-8B9A-D866-87F7-4F32C64A2CD1}"
EndProject
Global
	GlobalSection(SolutionConfigurationPlatforms) = preSolution
		Debug|Any CPU = Debug|Any CPU
		Release|Any CPU = Release|Any CPU
	EndGlobalSection
	GlobalSection(ProjectConfigurationPlatforms) = postSolution
		{3FDC8A53-53B8-74BB-D9F8-CDA0BB09F2D3}.Debug|Any CPU.ActiveCfg = Debug|Any CPU
		{3FDC8A53-53B8-74BB-D9F8-CDA0BB09F2D3}.Debug|Any CPU.Build.0 = Debug|Any CPU
		{3FDC8A53-53B8-74BB-D9F8-CDA0BB09F2D3}.Release|Any CPU.ActiveCfg = Release|Any CPU
		{3FDC8A53-53B8-74BB-D9F8-CDA0BB09F2D3}.Release|Any CPU.Build.0 = Release|Any CPU
		{AB93C96A-70BE-DF14-30C2-3A5B802EECCD}.Debug|Any CPU.ActiveCfg = Debug|Any CPU
		{AB93C96A-70BE-DF14-30C2-3A5B802EECCD}.Debug|Any CPU.Build.0 = Debug|Any CPU
		{AB93C96A-70BE-DF14-30C2-3A5B802EECCD}.Release|Any CPU.ActiveCfg = Release|Any CPU
		{AB93C96A-70BE-DF14-30C2-3A5B802EECCD}.Release|Any CPU.Build.0 = Release|Any CPU
		{6D619582-8B9A-D866-87F7-4F32C64A2CD1}.Debug|Any CPU.ActiveCfg = Debug|Any CPU
		{6D619582-8B9A-D866-87F7-4F32C64A2CD1}.Debug|Any CPU.Build.0 = Debug|Any CPU
		{6D619582-8B9A-D866-87F7-4F32C64A2CD1}.Release|Any CPU.ActiveCfg = Release|Any CPU
		{6D619582-8B9A-D866-87F7-4F32C64A2CD1}.Release|Any CPU.Build.0 = Release|Any CPU
	EndGlobalSection
	GlobalSection(SolutionProperties) = preSolution
		HideSolutionNode = FALSE
	EndGlobalSection
	GlobalSection(MonoDevelopProperties) = preSolution
		StartupItem = Assembly-CSharp.csproj
	EndGlobalSection
EndGlobal
